{
  "nodes": {
    "flake-utils": {
      "locked": {
        "lastModified": 1676283394,
        "narHash": "sha256-XX2f9c3iySLCw54rJ/CZs+ZK6IQy7GXNY4nSOyu2QG4=",
        "owner": "numtide",
        "repo": "flake-utils",
        "rev": "3db36a8b464d0c4532ba1c7dda728f4576d6d073",
        "type": "github"
      },
      "original": {
        "id": "flake-utils",
        "type": "indirect"
      }
    },
    "koturNixPkgs": {
      "flake": false,
      "locked": {
        "lastModified": 1677069591,
        "narHash": "sha256-sShN9vwJ0H50ync/IEYoW1ngW7u3helbYUlNtJRV1aY=",
        "owner": "nkoturovic",
        "repo": "kotur-nixpkgs",
        "rev": "3b2f7e8d8b8a62fbc701b127ed2be41127f95e03",
        "type": "github"
      },
      "original": {
        "owner": "nkoturovic",
        "repo": "kotur-nixpkgs",
        "type": "github"
      }
    },
    "miniCompileCommands": {
      "flake": false,
      "locked": {
        "lastModified": 1671387409,
        "narHash": "sha256-fxtsI6EupEHdUYEtfrItKYQhNanFtyV7cHCrz+/QP44=",
        "owner": "danielbarter",
        "repo": "mini_compile_commands",
        "rev": "22c7753d9bd60932c1acfca6415c90bdb43dad2f",
        "type": "github"
      },
      "original": {
        "owner": "danielbarter",
        "ref": "v0.4",
        "repo": "mini_compile_commands",
        "type": "github"
      }
    },
    "nixpkgs": {
      "locked": {
        "lastModified": 1676998680,
        "narHash": "sha256-61gxdL3bqHWnRSiYq+sKWbSX6tuwaRnYfPvhpRK011s=",
        "owner": "NixOS",
        "repo": "nixpkgs",
        "rev": "a3d745e701c337e65ef467d5a9400d9336a303a1",
        "type": "github"
      },
      "original": {
        "owner": "NixOS",
        "ref": "nixos-22.11",
        "repo": "nixpkgs",
        "type": "github"
      }
    },
    "root": {
      "inputs": {
        "flake-utils": "flake-utils",
        "koturNixPkgs": "koturNixPkgs",
        "miniCompileCommands": "miniCompileCommands",
        "nixpkgs": "nixpkgs"
      }
    }
  },
  "root": "root",
  "version": 7
}
